// !$*UTF8*$!
{
	archiveVersion = 1;
	classes = {
	};
	objectVersion = 46;
	objects = {

/* Begin PBXBuildFile section */
		D145DC951CAC7781006AB75B /* AppDelegate.swift in Sources */ = {isa = PBXBuildFile; fileRef = D145DC941CAC7781006AB75B /* AppDelegate.swift */; };
		D145DC971CAC7781006AB75B /* ViewController.swift in Sources */ = {isa = PBXBuildFile; fileRef = D145DC961CAC7781006AB75B /* ViewController.swift */; };
		D145DC9A1CAC7781006AB75B /* Main.storyboard in Resources */ = {isa = PBXBuildFile; fileRef = D145DC981CAC7781006AB75B /* Main.storyboard */; };
		D145DC9C1CAC7781006AB75B /* Assets.xcassets in Resources */ = {isa = PBXBuildFile; fileRef = D145DC9B1CAC7781006AB75B /* Assets.xcassets */; };
		D145DC9F1CAC7781006AB75B /* LaunchScreen.storyboard in Resources */ = {isa = PBXBuildFile; fileRef = D145DC9D1CAC7781006AB75B /* LaunchScreen.storyboard */; };
/* End PBXBuildFile section */

/* Begin PBXFileReference section */
		D145DC911CAC7780006AB75B /* Download Web Content.app */ = {isa = PBXFileReference; explicitFileType = wrapper.application; includeInIndex = 0; path = "Download Web Content.app"; sourceTree = BUILT_PRODUCTS_DIR; };
		D145DC941CAC7781006AB75B /* AppDelegate.swift */ = {isa = PBXFileReference; lastKnownFileType = sourcecode.swift; path = AppDelegate.swift; sourceTree = "<group>"; };
		D145DC961CAC7781006AB75B /* ViewController.swift */ = {isa = PBXFileReference; lastKnownFileType = sourcecode.swift; path = ViewController.swift; sourceTree = "<group>"; };
		D145DC991CAC7781006AB75B /* Base */ = {isa = PBXFileReference; lastKnownFileType = file.storyboard; name = Base; path = Base.lproj/Main.storyboard; sourceTree = "<group>"; };
		D145DC9B1CAC7781006AB75B /* Assets.xcassets */ = {isa = PBXFileReference; lastKnownFileType = folder.assetcatalog; path = Assets.xcassets; sourceTree = "<group>"; };
		D145DC9E1CAC7781006AB75B /* Base */ = {isa = PBXFileReference; lastKnownFileType = file.storyboard; name = Base; path = Base.lproj/LaunchScreen.storyboard; sourceTree = "<group>"; };
		D145DCA01CAC7781006AB75B /* Info.plist */ = {isa = PBXFileReference; lastKnownFileType = text.plist.xml; path = Info.plist; sourceTree = "<group>"; };
/* End PBXFileReference section */

/* Begin PBXFrameworksBuildPhase section */
		D145DC8E1CAC7780006AB75B /* Frameworks */ = {
			isa = PBXFrameworksBuildPhase;
			buildActionMask = 2147483647;
			files = (
			);
			runOnlyForDeploymentPostprocessing = 0;
		};
/* End PBXFrameworksBuildPhase section */

/* Begin PBXGroup section */
		D145DC881CAC7780006AB75B = {
			isa = PBXGroup;
			children = (
				D145DC931CAC7780006AB75B /* Download Web Content */,
				D145DC921CAC7780006AB75B /* Products */,
			);
			sourceTree = "<group>";
		};
		D145DC921CAC7780006AB75B /* Products */ = {
			isa = PBXGroup;
			children = (
				D145DC911CAC7780006AB75B /* Download Web Content.app */,
			);
			name = Products;
			sourceTree = "<group>";
		};
		D145DC931CAC7780006AB75B /* Download Web Content */ = {
			isa = PBXGroup;
			children = (
				D145DC941CAC7781006AB75B /* AppDelegate.swift */,
				D145DC961CAC7781006AB75B /* ViewController.swift */,
				D145DC981CAC7781006AB75B /* Main.storyboard */,
				D145DC9B1CAC7781006AB75B /* Assets.xcassets */,
				D145DC9D1CAC7781006AB75B /* LaunchScreen.storyboard */,
				D145DCA01CAC7781006AB75B /* Info.plist */,
			);
			path = "Download Web Content";
			sourceTree = "<group>";
		};
/* End PBXGroup section */

/* Begin PBXNativeTarget section */
		D145DC901CAC7780006AB75B /* Download Web Content */ = {
			isa = PBXNativeTarget;
			buildConfigurationList = D145DCA31CAC7781006AB75B /* Build configuration list for PBXNativeTarget "Download Web Content" */;
			buildPhases = (
				D145DC8D1CAC7780006AB75B /* Sources */,
				D145DC8E1CAC7780006AB75B /* Frameworks */,
				D145DC8F1CAC7780006AB75B /* Resources */,
			);
			buildRules = (
			);
			dependencies = (
			);
			name = "Download Web Content";
			productName = "Download Web Content";
			productReference = D145DC911CAC7780006AB75B /* Download Web Content.app */;
			productType = "com.apple.product-type.application";
		};
/* End PBXNativeTarget section */

/* Begin PBXProject section */
		D145DC891CAC7780006AB75B /* Project object */ = {
			isa = PBXProject;
			attributes = {
				LastSwiftUpdateCheck = 0730;
				LastUpgradeCheck = 0730;
				ORGANIZATIONNAME = "Sedatcan Sonat";
				TargetAttributes = {
					D145DC901CAC7780006AB75B = {
						CreatedOnToolsVersion = 7.3;
						DevelopmentTeam = 87DTYQL8ZM;
					};
				};
			};
			buildConfigurationList = D145DC8C1CAC7780006AB75B /* Build configuration list for PBXProject "Download Web Content" */;
			compatibilityVersion = "Xcode 3.2";
			developmentRegion = English;
			hasScannedForEncodings = 0;
			knownRegions = (
				en,
				Base,
			);
			mainGroup = D145DC881CAC7780006AB75B;
			productRefGroup = D145DC921CAC7780006AB75B /* Products */;
			projectDirPath = "";
			projectRoot = "";
			targets = (
				D145DC901CAC7780006AB75B /* Download Web Content */,
			);
		};
/* End PBXProject section */

/* Begin PBXResourcesBuildPhase section */
		D145DC8F1CAC7780006AB75B /* Resources */ = {
			isa = PBXResourcesBuildPhase;
			buildActionMask = 2147483647;
			files = (
				D145DC9F1CAC7781006AB75B /* LaunchScreen.storyboard in Resources */,
				D145DC9C1CAC7781006AB75B /* Assets.xcassets in Resources */,
				D145DC9A1CAC7781006AB75B /* Main.storyboard in Resources */,
			);
			runOnlyForDeploymentPostprocessing = 0;
		};
/* End PBXResourcesBuildPhase section */

/* Begin PBXSourcesBuildPhase section */
		D145DC8D1CAC7780006AB75B /* Sources */ = {
			isa = PBXSourcesBuildPhase;
			buildActionMask = 2147483647;
			files = (
				D145DC971CAC7781006AB75B /* ViewController.swift in Sources */,
				D145DC951CAC7781006AB75B /* AppDelegate.swift in Sources */,
			);
			runOnlyForDeploymentPostprocessing = 0;
		};
/* End PBXSourcesBuildPhase section */

/* Begin PBXVariantGroup section */
		D145DC981CAC7781006AB75B /* Main.storyboard */ = {
			isa = PBXVariantGroup;
			children = (
				D145DC991CAC7781006AB75B /* Base */,
			);
			name = Main.storyboard;
			sourceTree = "<group>";
		};
		D145DC9D1CAC7781006AB75B /* LaunchScreen.storyboard */ = {
			isa = PBXVariantGroup;
			children = (
				D145DC9E1CAC7781006AB75B /* Base */,
			);
			name = LaunchScreen.storyboard;
			sourceTree = "<group>";
		};
/* End PBXVariantGroup section */

/* Begin XCBuildConfiguration section */
		D145DCA11CAC7781006AB75B /* Debug */ = {
			isa = XCBuildConfiguration;
			buildSettings = {
				ALWAYS_SEARCH_USER_PATHS = NO;
				CLANG_ANALYZER_NONNULL = YES;
				CLANG_CXX_LANGUAGE_STANDARD = "gnu++0x";
				CLANG_CXX_LIBRARY = "libc++";
				CLANG_ENABLE_MODULES = YES;
				CLANG_ENABLE_OBJC_ARC = YES;
				CLANG_WARN_BOOL_CONVERSION = YES;
				CLANG_WARN_CONSTANT_CONVERSION = YES;
				CLANG_WARN_DIRECT_OBJC_ISA_USAGE = YES_ERROR;
				CLANG_WARN_EMPTY_BODY = YES;
				CLANG_WARN_ENUM_CONVERSION = YES;
				CLANG_WARN_INT_CONVERSION = YES;
				CLANG_WARN_OBJC_ROOT_CLASS = YES_ERROR;
				CLANG_WARN_UNREACHABLE_CODE = YES;
				CLANG_WARN__DUPLICATE_METHOD_MATCH = YES;
				"CODE_SIGN_IDENTITY[sdk=iphoneos*]" = "iPhone Developer";
				COPY_PHASE_STRIP = NO;
				DEBUG_INFORMATION_FORMAT = dwarf;
				ENABLE_STRICT_OBJC_MSGSEND = YES;
				ENABLE_TESTABILITY = YES;
				GCC_C_LANGUAGE_STANDARD = gnu99;
				GCC_DYNAMIC_NO_PIC = NO;
				GCC_NO_COMMON_BLOCKS = YES;
				GCC_OPTIMIZATION_LEVEL = 0;
				GCC_PREPROCESSOR_DEFINITIONS = (
					"DEBUG=1",
					"$(inherited)",
				);
				GCC_WARN_64_TO_32_BIT_CONVERSION = YES;
				GCC_WARN_ABOUT_RETURN_TYPE = YES_ERROR;
				GCC_WARN_UNDECLARED_SELECTOR = YES;
				GCC_WARN_UNINITIALIZED_AUTOS = YES_AGGRESSIVE;
				GCC_WARN_UNUSED_FUNCTION = YES;
				GCC_WARN_UNUSED_VARIABLE = YES;
				IPHONEOS_DEPLOYMENT_TARGET = 9.3;
				MTL_ENABLE_DEBUG_INFO = YES;
				ONLY_ACTIVE_ARCH = YES;
				SDKROOT = iphoneos;
				SWIFT_OPTIMIZATION_LEVEL = "-Onone";
			};
			name = Debug;
		};
		D145DCA21CAC7781006AB75B /* Release */ = {
			isa = XCBuildConfiguration;
			buildSettings = {
				ALWAYS_SEARCH_USER_PATHS = NO;
				CLANG_ANALYZER_NONNULL = YES;
				CLANG_CXX_LANGUAGE_STANDARD = "gnu++0x";
				CLANG_CXX_LIBRARY = "libc++";
				CLANG_ENABLE_MODULES = YES;
				CLANG_ENABLE_OBJC_ARC = YES;
				CLANG_WARN_BOOL_CONVERSION = YES;
				CLANG_WARN_CONSTANT_CONVERSION = YES;
				CLANG_WARN_DIRECT_OBJC_ISA_USAGE = YES_ERROR;
				CLANG_WARN_EMPTY_BODY = YES;
				CLANG_WARN_ENUM_CONVERSION = YES;
				CLANG_WARN_INT_CONVERSION = YES;
				CLANG_WARN_OBJC_ROOT_CLASS = YES_ERROR;
				CLANG_WARN_UNREACHABLE_CODE = YES;
				CLANG_WARN__DUPLICATE_METHOD_MATCH = YES;
				"CODE_SIGN_IDENTITY[sdk=iphoneos*]" = "iPhone Developer";
				COPY_PHASE_STRIP = NO;
				DEBUG_INFORMATION_FORMAT = "dwarf-with-dsym";
				ENABLE_NS_ASSERTIONS = NO;
				ENABLE_STRICT_OBJC_MSGSEND = YES;
				GCC_C_LANGUAGE_STANDARD = gnu99;
				GCC_NO_COMMON_BLOCKS = YES;
				GCC_WARN_64_TO_32_BIT_CONVERSION = YES;
				GCC_WARN_ABOUT_RETURN_TYPE = YES_ERROR;
				GCC_WARN_UNDECLARED_SELECTOR = YES;
				GCC_WARN_UNINITIALIZED_AUTOS = YES_AGGRESSIVE;
				GCC_WARN_UNUSED_FUNCTION = YES;
				GCC_WARN_UNUSED_VARIABLE = YES;
				IPHONEOS_DEPLOYMENT_TARGET = 9.3;
				MTL_ENABLE_DEBUG_INFO = NO;
				SDKROOT = iphoneos;
				VALIDATE_PRODUCT = YES;
			};
			name = Release;
		};
		D145DCA41CAC7781006AB75B /* Debug */ = {
			isa = XCBuildConfiguration;
			buildSettings = {
				ASSETCATALOG_COMPILER_APPICON_NAME = AppIcon;
				INFOPLIST_FILE = "Download Web Content/Info.plist";
				LD_RUNPATH_SEARCH_PATHS = "$(inherited) @executable_path/Frameworks";
				PRODUCT_BUNDLE_IDENTIFIER = "com.sedatcans.Download-Web-Content";
				PRODUCT_NAME = "$(TARGET_NAME)";
			};
			name = Debug;
		};
		D145DCA51CAC7781006AB75B /* Release */ = {
			isa = XCBuildConfiguration;
			buildSettings = {
				ASSETCATALOG_COMPILER_APPICON_NAME = AppIcon;
				INFOPLIST_FILE = "Download Web Content/Info.plist";
				LD_RUNPATH_SEARCH_PATHS = "$(inherited) @executable_path/Frameworks";
				PRODUCT_BUNDLE_IDENTIFIER = "com.sedatcans.Download-Web-Content";
				PRODUCT_NAME = "$(TARGET_NAME)";
			};
			name = Release;
		};
/* End XCBuildConfiguration section */

/* Begin XCConfigurationList section */
		D145DC8C1CAC7780006AB75B /* Build configuration list for PBXProject "Download Web Content" */ = {
			isa = XCConfigurationList;
			buildConfigurations = (
				D145DCA11CAC7781006AB75B /* Debug */,
				D145DCA21CAC7781006AB75B /* Release */,
			);
			defaultConfigurationIsVisible = 0;
			defaultConfigurationName = Release;
		};
		D145DCA31CAC7781006AB75B /* Build configuration list for PBXNativeTarget "Download Web Content" */ = {
			isa = XCConfigurationList;
			buildConfigurations = (
				D145DCA41CAC7781006AB75B /* Debug */,
				D145DCA51CAC7781006AB75B /* Release */,
			);
			defaultConfigurationIsVisible = 0;
		};
/* End XCConfigurationList section */
	};
	rootObject = D145DC891CAC7780006AB75B /* Project object */;
}
